// !$*UTF8*$!
{
	archiveVersion = 1;
	classes = {
	};
	objectVersion = 50;
	objects = {

/* Begin PBXBuildFile section */
		23BEAAE72374AB8C0057999A /* Library.h in Headers */ = {isa = PBXBuildFile; fileRef = 23BEAAE52374AB8C0057999A /* Library.h */; settings = {ATTRIBUTES = (Public, ); }; };
		23BEAAFB2374AC350057999A /* Library.h in Headers */ = {isa = PBXBuildFile; fileRef = 23BEAAE52374AB8C0057999A /* Library.h */; settings = {ATTRIBUTES = (Public, ); }; };
		23BEAAFD2374ACAB0057999A /* iOSClass.swift in Sources */ = {isa = PBXBuildFile; fileRef = 23BEAAFC2374ACAB0057999A /* iOSClass.swift */; };
		23BEAAFF2374ACE70057999A /* tvOSClass.swift in Sources */ = {isa = PBXBuildFile; fileRef = 23BEAAFE2374ACE70057999A /* tvOSClass.swift */; };
		23BEAB012374AE3B0057999A /* SharedClass.swift in Sources */ = {isa = PBXBuildFile; fileRef = 23BEAB002374AE3B0057999A /* SharedClass.swift */; };
		23BEAB022374AE3B0057999A /* SharedClass.swift in Sources */ = {isa = PBXBuildFile; fileRef = 23BEAB002374AE3B0057999A /* SharedClass.swift */; };
/* End PBXBuildFile section */

/* Begin PBXFileReference section */
		23BEAAE22374AB8C0057999A /* Library.framework */ = {isa = PBXFileReference; explicitFileType = wrapper.framework; includeInIndex = 0; path = Library.framework; sourceTree = BUILT_PRODUCTS_DIR; };
		23BEAAE52374AB8C0057999A /* Library.h */ = {isa = PBXFileReference; lastKnownFileType = sourcecode.c.h; path = Library.h; sourceTree = "<group>"; };
		23BEAAE62374AB8C0057999A /* Info.plist */ = {isa = PBXFileReference; lastKnownFileType = text.plist.xml; path = Info.plist; sourceTree = "<group>"; };
		23BEAAF22374ABD80057999A /* Library.framework */ = {isa = PBXFileReference; explicitFileType = wrapper.framework; includeInIndex = 0; path = Library.framework; sourceTree = BUILT_PRODUCTS_DIR; };
		23BEAAFC2374ACAB0057999A /* iOSClass.swift */ = {isa = PBXFileReference; lastKnownFileType = sourcecode.swift; path = iOSClass.swift; sourceTree = "<group>"; };
		23BEAAFE2374ACE70057999A /* tvOSClass.swift */ = {isa = PBXFileReference; lastKnownFileType = sourcecode.swift; path = tvOSClass.swift; sourceTree = "<group>"; };
		23BEAB002374AE3B0057999A /* SharedClass.swift */ = {isa = PBXFileReference; lastKnownFileType = sourcecode.swift; path = SharedClass.swift; sourceTree = "<group>"; };
/* End PBXFileReference section */

/* Begin PBXFrameworksBuildPhase section */
		23BEAADF2374AB8C0057999A /* Frameworks */ = {
			isa = PBXFrameworksBuildPhase;
			buildActionMask = 2147483647;
			files = (
			);
			runOnlyForDeploymentPostprocessing = 0;
		};
		23BEAAEF2374ABD80057999A /* Frameworks */ = {
			isa = PBXFrameworksBuildPhase;
			buildActionMask = 2147483647;
			files = (
			);
			runOnlyForDeploymentPostprocessing = 0;
		};
/* End PBXFrameworksBuildPhase section */

/* Begin PBXGroup section */
		23BEAAD82374AB8C0057999A = {
			isa = PBXGroup;
			children = (
				23BEAAFA2374AC180057999A /* Shared */,
				23BEAAE42374AB8C0057999A /* Library-iOS */,
				23BEAAF32374ABD80057999A /* Library-tvOS */,
				23BEAAE32374AB8C0057999A /* Products */,
			);
			sourceTree = "<group>";
		};
		23BEAAE32374AB8C0057999A /* Products */ = {
			isa = PBXGroup;
			children = (
				23BEAAE22374AB8C0057999A /* Library.framework */,
				23BEAAF22374ABD80057999A /* Library.framework */,
			);
			name = Products;
			sourceTree = "<group>";
		};
		23BEAAE42374AB8C0057999A /* Library-iOS */ = {
			isa = PBXGroup;
			children = (
				23BEAAFC2374ACAB0057999A /* iOSClass.swift */,
			);
			path = "Library-iOS";
			sourceTree = "<group>";
		};
		23BEAAF32374ABD80057999A /* Library-tvOS */ = {
			isa = PBXGroup;
			children = (
				23BEAAFE2374ACE70057999A /* tvOSClass.swift */,
			);
			path = "Library-tvOS";
			sourceTree = "<group>";
		};
		23BEAAFA2374AC180057999A /* Shared */ = {
			isa = PBXGroup;
			children = (
				23BEAAE52374AB8C0057999A /* Library.h */,
				23BEAAE62374AB8C0057999A /* Info.plist */,
				23BEAB002374AE3B0057999A /* SharedClass.swift */,
			);
			path = Shared;
			sourceTree = "<group>";
		};
/* End PBXGroup section */

/* Begin PBXHeadersBuildPhase section */
		23BEAADD2374AB8C0057999A /* Headers */ = {
			isa = PBXHeadersBuildPhase;
			buildActionMask = 2147483647;
			files = (
				23BEAAE72374AB8C0057999A /* Library.h in Headers */,
			);
			runOnlyForDeploymentPostprocessing = 0;
		};
		23BEAAED2374ABD80057999A /* Headers */ = {
			isa = PBXHeadersBuildPhase;
			buildActionMask = 2147483647;
			files = (
				23BEAAFB2374AC350057999A /* Library.h in Headers */,
			);
			runOnlyForDeploymentPostprocessing = 0;
		};
/* End PBXHeadersBuildPhase section */

/* Begin PBXNativeTarget section */
		23BEAAE12374AB8C0057999A /* Library-iOS */ = {
			isa = PBXNativeTarget;
			buildConfigurationList = 23BEAAEA2374AB8C0057999A /* Build configuration list for PBXNativeTarget "Library-iOS" */;
			buildPhases = (
				23BEAADD2374AB8C0057999A /* Headers */,
				23BEAADE2374AB8C0057999A /* Sources */,
				23BEAADF2374AB8C0057999A /* Frameworks */,
				23BEAAE02374AB8C0057999A /* Resources */,
			);
			buildRules = (
			);
			dependencies = (
			);
			name = "Library-iOS";
			productName = Library;
			productReference = 23BEAAE22374AB8C0057999A /* Library.framework */;
			productType = "com.apple.product-type.framework";
		};
		23BEAAF12374ABD80057999A /* Library-tvOS */ = {
			isa = PBXNativeTarget;
			buildConfigurationList = 23BEAAF72374ABD80057999A /* Build configuration list for PBXNativeTarget "Library-tvOS" */;
			buildPhases = (
				23BEAAED2374ABD80057999A /* Headers */,
				23BEAAEE2374ABD80057999A /* Sources */,
				23BEAAEF2374ABD80057999A /* Frameworks */,
				23BEAAF02374ABD80057999A /* Resources */,
			);
			buildRules = (
			);
			dependencies = (
			);
			name = "Library-tvOS";
			productName = "Library-tvOS";
			productReference = 23BEAAF22374ABD80057999A /* Library.framework */;
			productType = "com.apple.product-type.framework";
		};
/* End PBXNativeTarget section */

/* Begin PBXProject section */
		23BEAAD92374AB8C0057999A /* Project object */ = {
			isa = PBXProject;
			attributes = {
				LastUpgradeCheck = 1120;
				ORGANIZATIONNAME = "Igor Oliveira";
				TargetAttributes = {
					23BEAAE12374AB8C0057999A = {
						CreatedOnToolsVersion = 11.2;
						LastSwiftMigration = 1120;
					};
					23BEAAF12374ABD80057999A = {
						CreatedOnToolsVersion = 11.2;
						LastSwiftMigration = 1120;
					};
				};
			};
			buildConfigurationList = 23BEAADC2374AB8C0057999A /* Build configuration list for PBXProject "Library" */;
			compatibilityVersion = "Xcode 9.3";
			developmentRegion = en;
			hasScannedForEncodings = 0;
			knownRegions = (
				en,
				Base,
			);
			mainGroup = 23BEAAD82374AB8C0057999A;
			productRefGroup = 23BEAAE32374AB8C0057999A /* Products */;
			projectDirPath = "";
			projectRoot = "";
			targets = (
				23BEAAE12374AB8C0057999A /* Library-iOS */,
				23BEAAF12374ABD80057999A /* Library-tvOS */,
			);
		};
/* End PBXProject section */

/* Begin PBXResourcesBuildPhase section */
		23BEAAE02374AB8C0057999A /* Resources */ = {
			isa = PBXResourcesBuildPhase;
			buildActionMask = 2147483647;
			files = (
			);
			runOnlyForDeploymentPostprocessing = 0;
		};
		23BEAAF02374ABD80057999A /* Resources */ = {
			isa = PBXResourcesBuildPhase;
			buildActionMask = 2147483647;
			files = (
			);
			runOnlyForDeploymentPostprocessing = 0;
		};
/* End PBXResourcesBuildPhase section */

/* Begin PBXSourcesBuildPhase section */
		23BEAADE2374AB8C0057999A /* Sources */ = {
			isa = PBXSourcesBuildPhase;
			buildActionMask = 2147483647;
			files = (
				23BEAAFD2374ACAB0057999A /* iOSClass.swift in Sources */,
				23BEAB012374AE3B0057999A /* SharedClass.swift in Sources */,
			);
			runOnlyForDeploymentPostprocessing = 0;
		};
		23BEAAEE2374ABD80057999A /* Sources */ = {
			isa = PBXSourcesBuildPhase;
			buildActionMask = 2147483647;
			files = (
				23BEAAFF2374ACE70057999A /* tvOSClass.swift in Sources */,
				23BEAB022374AE3B0057999A /* SharedClass.swift in Sources */,
			);
			runOnlyForDeploymentPostprocessing = 0;
		};
/* End PBXSourcesBuildPhase section */

/* Begin XCBuildConfiguration section */
		23BEAAE82374AB8C0057999A /* Debug */ = {
			isa = XCBuildConfiguration;
			buildSettings = {
				ALWAYS_SEARCH_USER_PATHS = NO;
				CLANG_ANALYZER_NONNULL = YES;
				CLANG_ANALYZER_NUMBER_OBJECT_CONVERSION = YES_AGGRESSIVE;
				CLANG_CXX_LANGUAGE_STANDARD = "gnu++14";
				CLANG_CXX_LIBRARY = "libc++";
				CLANG_ENABLE_MODULES = YES;
				CLANG_ENABLE_OBJC_ARC = YES;
				CLANG_ENABLE_OBJC_WEAK = YES;
				CLANG_WARN_BLOCK_CAPTURE_AUTORELEASING = YES;
				CLANG_WARN_BOOL_CONVERSION = YES;
				CLANG_WARN_COMMA = YES;
				CLANG_WARN_CONSTANT_CONVERSION = YES;
				CLANG_WARN_DEPRECATED_OBJC_IMPLEMENTATIONS = YES;
				CLANG_WARN_DIRECT_OBJC_ISA_USAGE = YES_ERROR;
				CLANG_WARN_DOCUMENTATION_COMMENTS = YES;
				CLANG_WARN_EMPTY_BODY = YES;
				CLANG_WARN_ENUM_CONVERSION = YES;
				CLANG_WARN_INFINITE_RECURSION = YES;
				CLANG_WARN_INT_CONVERSION = YES;
				CLANG_WARN_NON_LITERAL_NULL_CONVERSION = YES;
				CLANG_WARN_OBJC_IMPLICIT_RETAIN_SELF = YES;
				CLANG_WARN_OBJC_LITERAL_CONVERSION = YES;
				CLANG_WARN_OBJC_ROOT_CLASS = YES_ERROR;
				CLANG_WARN_RANGE_LOOP_ANALYSIS = YES;
				CLANG_WARN_STRICT_PROTOTYPES = YES;
				CLANG_WARN_SUSPICIOUS_MOVE = YES;
				CLANG_WARN_UNGUARDED_AVAILABILITY = YES_AGGRESSIVE;
				CLANG_WARN_UNREACHABLE_CODE = YES;
				CLANG_WARN__DUPLICATE_METHOD_MATCH = YES;
				COPY_PHASE_STRIP = NO;
				CURRENT_PROJECT_VERSION = 1;
				DEBUG_INFORMATION_FORMAT = dwarf;
				ENABLE_STRICT_OBJC_MSGSEND = YES;
				ENABLE_TESTABILITY = YES;
				GCC_C_LANGUAGE_STANDARD = gnu11;
				GCC_DYNAMIC_NO_PIC = NO;
				GCC_NO_COMMON_BLOCKS = YES;
				GCC_OPTIMIZATION_LEVEL = 0;
				GCC_PREPROCESSOR_DEFINITIONS = (
					"DEBUG=1",
					"$(inherited)",
				);
				GCC_WARN_64_TO_32_BIT_CONVERSION = YES;
				GCC_WARN_ABOUT_RETURN_TYPE = YES_ERROR;
				GCC_WARN_UNDECLARED_SELECTOR = YES;
				GCC_WARN_UNINITIALIZED_AUTOS = YES_AGGRESSIVE;
				GCC_WARN_UNUSED_FUNCTION = YES;
				GCC_WARN_UNUSED_VARIABLE = YES;
				IPHONEOS_DEPLOYMENT_TARGET = 13.2;
				MTL_ENABLE_DEBUG_INFO = INCLUDE_SOURCE;
				MTL_FAST_MATH = YES;
				ONLY_ACTIVE_ARCH = YES;
				SDKROOT = iphoneos;
				SWIFT_ACTIVE_COMPILATION_CONDITIONS = DEBUG;
				SWIFT_OPTIMIZATION_LEVEL = "-Onone";
				VERSIONING_SYSTEM = "apple-generic";
				VERSION_INFO_PREFIX = "";
			};
			name = Debug;
		};
		23BEAAE92374AB8C0057999A /* Release */ = {
			isa = XCBuildConfiguration;
			buildSettings = {
				ALWAYS_SEARCH_USER_PATHS = NO;
				CLANG_ANALYZER_NONNULL = YES;
				CLANG_ANALYZER_NUMBER_OBJECT_CONVERSION = YES_AGGRESSIVE;
				CLANG_CXX_LANGUAGE_STANDARD = "gnu++14";
				CLANG_CXX_LIBRARY = "libc++";
				CLANG_ENABLE_MODULES = YES;
				CLANG_ENABLE_OBJC_ARC = YES;
				CLANG_ENABLE_OBJC_WEAK = YES;
				CLANG_WARN_BLOCK_CAPTURE_AUTORELEASING = YES;
				CLANG_WARN_BOOL_CONVERSION = YES;
				CLANG_WARN_COMMA = YES;
				CLANG_WARN_CONSTANT_CONVERSION = YES;
				CLANG_WARN_DEPRECATED_OBJC_IMPLEMENTATIONS = YES;
				CLANG_WARN_DIRECT_OBJC_ISA_USAGE = YES_ERROR;
				CLANG_WARN_DOCUMENTATION_COMMENTS = YES;
				CLANG_WARN_EMPTY_BODY = YES;
				CLANG_WARN_ENUM_CONVERSION = YES;
				CLANG_WARN_INFINITE_RECURSION = YES;
				CLANG_WARN_INT_CONVERSION = YES;
				CLANG_WARN_NON_LITERAL_NULL_CONVERSION = YES;
				CLANG_WARN_OBJC_IMPLICIT_RETAIN_SELF = YES;
				CLANG_WARN_OBJC_LITERAL_CONVERSION = YES;
				CLANG_WARN_OBJC_ROOT_CLASS = YES_ERROR;
				CLANG_WARN_RANGE_LOOP_ANALYSIS = YES;
				CLANG_WARN_STRICT_PROTOTYPES = YES;
				CLANG_WARN_SUSPICIOUS_MOVE = YES;
				CLANG_WARN_UNGUARDED_AVAILABILITY = YES_AGGRESSIVE;
				CLANG_WARN_UNREACHABLE_CODE = YES;
				CLANG_WARN__DUPLICATE_METHOD_MATCH = YES;
				COPY_PHASE_STRIP = NO;
				CURRENT_PROJECT_VERSION = 1;
				DEBUG_INFORMATION_FORMAT = "dwarf-with-dsym";
				ENABLE_NS_ASSERTIONS = NO;
				ENABLE_STRICT_OBJC_MSGSEND = YES;
				GCC_C_LANGUAGE_STANDARD = gnu11;
				GCC_NO_COMMON_BLOCKS = YES;
				GCC_WARN_64_TO_32_BIT_CONVERSION = YES;
				GCC_WARN_ABOUT_RETURN_TYPE = YES_ERROR;
				GCC_WARN_UNDECLARED_SELECTOR = YES;
				GCC_WARN_UNINITIALIZED_AUTOS = YES_AGGRESSIVE;
				GCC_WARN_UNUSED_FUNCTION = YES;
				GCC_WARN_UNUSED_VARIABLE = YES;
				IPHONEOS_DEPLOYMENT_TARGET = 13.2;
				MTL_ENABLE_DEBUG_INFO = NO;
				MTL_FAST_MATH = YES;
				SDKROOT = iphoneos;
				SWIFT_COMPILATION_MODE = wholemodule;
				SWIFT_OPTIMIZATION_LEVEL = "-O";
				VALIDATE_PRODUCT = YES;
				VERSIONING_SYSTEM = "apple-generic";
				VERSION_INFO_PREFIX = "";
			};
			name = Release;
		};
		23BEAAEB2374AB8C0057999A /* Debug */ = {
			isa = XCBuildConfiguration;
			buildSettings = {
				CLANG_ENABLE_MODULES = YES;
				CODE_SIGN_STYLE = Automatic;
				DEFINES_MODULE = YES;
				DYLIB_COMPATIBILITY_VERSION = 1;
				DYLIB_CURRENT_VERSION = 1;
				DYLIB_INSTALL_NAME_BASE = "@rpath";
				INFOPLIST_FILE = Shared/Info.plist;
				INSTALL_PATH = "$(LOCAL_LIBRARY_DIR)/Frameworks";
				LD_RUNPATH_SEARCH_PATHS = (
					"$(inherited)",
					"@executable_path/Frameworks",
					"@loader_path/Frameworks",
				);
				PRODUCT_BUNDLE_IDENTIFIER = com.igor.Library;
				PRODUCT_NAME = Library;
				SKIP_INSTALL = YES;
				SWIFT_OPTIMIZATION_LEVEL = "-Onone";
				SWIFT_VERSION = 5.0;
				TARGETED_DEVICE_FAMILY = "1,2";
			};
			name = Debug;
		};
		23BEAAEC2374AB8C0057999A /* Release */ = {
			isa = XCBuildConfiguration;
			buildSettings = {
				CLANG_ENABLE_MODULES = YES;
				CODE_SIGN_STYLE = Automatic;
				DEFINES_MODULE = YES;
				DYLIB_COMPATIBILITY_VERSION = 1;
				DYLIB_CURRENT_VERSION = 1;
				DYLIB_INSTALL_NAME_BASE = "@rpath";
				INFOPLIST_FILE = Shared/Info.plist;
				INSTALL_PATH = "$(LOCAL_LIBRARY_DIR)/Frameworks";
				LD_RUNPATH_SEARCH_PATHS = (
					"$(inherited)",
					"@executable_path/Frameworks",
					"@loader_path/Frameworks",
				);
				PRODUCT_BUNDLE_IDENTIFIER = com.igor.Library;
				PRODUCT_NAME = Library;
				SKIP_INSTALL = YES;
				SWIFT_VERSION = 5.0;
				TARGETED_DEVICE_FAMILY = "1,2";
			};
			name = Release;
		};
		23BEAAF82374ABD80057999A /* Debug */ = {
			isa = XCBuildConfiguration;
			buildSettings = {
				CLANG_ENABLE_MODULES = YES;
				CODE_SIGN_STYLE = Automatic;
				DEFINES_MODULE = YES;
				DEVELOPMENT_TEAM = GP5937V824;
				DYLIB_COMPATIBILITY_VERSION = 1;
				DYLIB_CURRENT_VERSION = 1;
				DYLIB_INSTALL_NAME_BASE = "@rpath";
				INFOPLIST_FILE = Shared/Info.plist;
				INSTALL_PATH = "$(LOCAL_LIBRARY_DIR)/Frameworks";
				LD_RUNPATH_SEARCH_PATHS = (
					"$(inherited)",
					"@executable_path/Frameworks",
					"@loader_path/Frameworks",
				);
				PRODUCT_BUNDLE_IDENTIFIER = "com.igor.Library-tvOS";
				PRODUCT_NAME = Library;
				SDKROOT = appletvos;
				SKIP_INSTALL = YES;
				SWIFT_OPTIMIZATION_LEVEL = "-Onone";
				SWIFT_VERSION = 5.0;
				TARGETED_DEVICE_FAMILY = 3;
				TVOS_DEPLOYMENT_TARGET = 13.2;
			};
			name = Debug;
		};
		23BEAAF92374ABD80057999A /* Release */ = {
			isa = XCBuildConfiguration;
			buildSettings = {
				CLANG_ENABLE_MODULES = YES;
				CODE_SIGN_STYLE = Automatic;
				DEFINES_MODULE = YES;
				DEVELOPMENT_TEAM = GP5937V824;
				DYLIB_COMPATIBILITY_VERSION = 1;
				DYLIB_CURRENT_VERSION = 1;
				DYLIB_INSTALL_NAME_BASE = "@rpath";
				INFOPLIST_FILE = Shared/Info.plist;
				INSTALL_PATH = "$(LOCAL_LIBRARY_DIR)/Frameworks";
				LD_RUNPATH_SEARCH_PATHS = (
					"$(inherited)",
					"@executable_path/Frameworks",
					"@loader_path/Frameworks",
				);
				PRODUCT_BUNDLE_IDENTIFIER = "com.igor.Library-tvOS";
				PRODUCT_NAME = Library;
				SDKROOT = appletvos;
				SKIP_INSTALL = YES;
				SWIFT_VERSION = 5.0;
				TARGETED_DEVICE_FAMILY = 3;
				TVOS_DEPLOYMENT_TARGET = 13.2;
			};
			name = Release;
		};
/* End XCBuildConfiguration section */

/* Begin XCConfigurationList section */
		23BEAADC2374AB8C0057999A /* Build configuration list for PBXProject "Library" */ = {
			isa = XCConfigurationList;
			buildConfigurations = (
				23BEAAE82374AB8C0057999A /* Debug */,
				23BEAAE92374AB8C0057999A /* Release */,
			);
			defaultConfigurationIsVisible = 0;
			defaultConfigurationName = Release;
		};
		23BEAAEA2374AB8C0057999A /* Build configuration list for PBXNativeTarget "Library-iOS" */ = {
			isa = XCConfigurationList;
			buildConfigurations = (
				23BEAAEB2374AB8C0057999A /* Debug */,
				23BEAAEC2374AB8C0057999A /* Release */,
			);
			defaultConfigurationIsVisible = 0;
			defaultConfigurationName = Release;
		};
		23BEAAF72374ABD80057999A /* Build configuration list for PBXNativeTarget "Library-tvOS" */ = {
			isa = XCConfigurationList;
			buildConfigurations = (
				23BEAAF82374ABD80057999A /* Debug */,
				23BEAAF92374ABD80057999A /* Release */,
			);
			defaultConfigurationIsVisible = 0;
			defaultConfigurationName = Release;
		};
/* End XCConfigurationList section */
	};
	rootObject = 23BEAAD92374AB8C0057999A /* Project object */;
}
